
Microsoft Visual Studio Solution File, Format Version 10.00
# Visual Studio 2008
Project("{FAE04EC0-301F-11D3-BF4B-00C04F79EFBC}") = "Deployment.DBSchemaRetriever.MSSQL", "DBSchemaRetriever\MSSQL\Deployment.DBSchemaRetriever.MSSQL.csproj", "{65371962-6315-4DE6-B435-A90DC814006F}"
EndProject
Project("{FAE04EC0-301F-11D3-BF4B-00C04F79EFBC}") = "Utility.ParameterChecking", "..\Utility\ParameterChecking\Utility.ParameterChecking.csproj", "{53150239-93FA-4E63-A708-893387A4CA35}"
EndProject
Project("{FAE04EC0-301F-11D3-BF4B-00C04F79EFBC}") = "Deployment.DBScriptRunner.MSSQL", "DBScriptRunner\MSSQL\Deployment.DBScriptRunner.MSSQL.csproj", "{99B87ADD-BEFD-4877-856F-AA0BE9CFB67A}"
EndProject
Project("{2150E333-8FDC-42A3-9474-1A3956D46DE8}") = "SharedItems", "SharedItems", "{0AA6D1A6-E46C-4482-AB75-A7668D9961B8}"
	ProjectSection(SolutionItems) = preProject
		..\Code\GlobalAssemblyInfo.cs = ..\Code\GlobalAssemblyInfo.cs
	EndProjectSection
EndProject
Project("{2150E333-8FDC-42A3-9474-1A3956D46DE8}") = "Utilities", "Utilities", "{86EB475F-AB6A-4F40-8762-6EA46BB3E78F}"
EndProject
Global
	GlobalSection(SolutionConfigurationPlatforms) = preSolution
		Debug|Any CPU = Debug|Any CPU
		Release|Any CPU = Release|Any CPU
	EndGlobalSection
	GlobalSection(ProjectConfigurationPlatforms) = postSolution
		{65371962-6315-4DE6-B435-A90DC814006F}.Debug|Any CPU.ActiveCfg = Debug|Any CPU
		{65371962-6315-4DE6-B435-A90DC814006F}.Debug|Any CPU.Build.0 = Debug|Any CPU
		{65371962-6315-4DE6-B435-A90DC814006F}.Release|Any CPU.ActiveCfg = Release|Any CPU
		{65371962-6315-4DE6-B435-A90DC814006F}.Release|Any CPU.Build.0 = Release|Any CPU
		{53150239-93FA-4E63-A708-893387A4CA35}.Debug|Any CPU.ActiveCfg = Debug|Any CPU
		{53150239-93FA-4E63-A708-893387A4CA35}.Debug|Any CPU.Build.0 = Debug|Any CPU
		{53150239-93FA-4E63-A708-893387A4CA35}.Release|Any CPU.ActiveCfg = Release|Any CPU
		{53150239-93FA-4E63-A708-893387A4CA35}.Release|Any CPU.Build.0 = Release|Any CPU
		{99B87ADD-BEFD-4877-856F-AA0BE9CFB67A}.Debug|Any CPU.ActiveCfg = Debug|Any CPU
		{99B87ADD-BEFD-4877-856F-AA0BE9CFB67A}.Debug|Any CPU.Build.0 = Debug|Any CPU
		{99B87ADD-BEFD-4877-856F-AA0BE9CFB67A}.Release|Any CPU.ActiveCfg = Release|Any CPU
		{99B87ADD-BEFD-4877-856F-AA0BE9CFB67A}.Release|Any CPU.Build.0 = Release|Any CPU
	EndGlobalSection
	GlobalSection(SolutionProperties) = preSolution
		HideSolutionNode = FALSE
	EndGlobalSection
	GlobalSection(NestedProjects) = preSolution
		{53150239-93FA-4E63-A708-893387A4CA35} = {86EB475F-AB6A-4F40-8762-6EA46BB3E78F}
	EndGlobalSection
EndGlobal
